
Microsoft Visual Studio Solution File, Format Version 12.00
# Visual Studio Version 17
VisualStudioVersion = 17.14.36705.20 d17.14
MinimumVisualStudioVersion = 10.0.40219.1
Project("{FAE04EC0-301F-11D3-BF4B-00C04F79EFBC}") = "DepotService", "DepotService\DepotService.csproj", "{1EE186E1-B21F-4FAC-8EFF-E753B6A80B7F}"
EndProject
Global
	GlobalSection(SolutionConfigurationPlatforms) = preSolution
		Debug|Any CPU = Debug|Any CPU
		Release|Any CPU = Release|Any CPU
	EndGlobalSection
	GlobalSection(ProjectConfigurationPlatforms) = postSolution
		{1EE186E1-B21F-4FAC-8EFF-E753B6A80B7F}.Debug|Any CPU.ActiveCfg = Debug|Any CPU
		{1EE186E1-B21F-4FAC-8EFF-E753B6A80B7F}.Debug|Any CPU.Build.0 = Debug|Any CPU
		{1EE186E1-B21F-4FAC-8EFF-E753B6A80B7F}.Release|Any CPU.ActiveCfg = Release|Any CPU
		{1EE186E1-B21F-4FAC-8EFF-E753B6A80B7F}.Release|Any CPU.Build.0 = Release|Any CPU
	EndGlobalSection
	GlobalSection(SolutionProperties) = preSolution
		HideSolutionNode = FALSE
	EndGlobalSection
	GlobalSection(ExtensibilityGlobals) = postSolution
		SolutionGuid = {C47D45E5-66C3-4937-8C75-8EABCE893857}
	EndGlobalSection
EndGlobal
